// !$*UTF8*$!
{
	archiveVersion = 1;
	classes = {
	};
	objectVersion = 56;
	objects = {

/* Begin PBXBuildFile section */
		B40D8FE22B92331D00D6DF68 /* SearchBar.swift in Sources */ = {isa = PBXBuildFile; fileRef = B40D8FE12B92331D00D6DF68 /* SearchBar.swift */; };
		B40D8FE42B923A9200D6DF68 /* Home.swift in Sources */ = {isa = PBXBuildFile; fileRef = B40D8FE32B923A9200D6DF68 /* Home.swift */; };
		B42CEF082B5C808D009713C2 /* EditProject.swift in Sources */ = {isa = PBXBuildFile; fileRef = B42CEF072B5C808D009713C2 /* EditProject.swift */; };
		B42DA9A92B92898C0098D5AC /* TextPicker.swift in Sources */ = {isa = PBXBuildFile; fileRef = B42DA9A82B92898C0098D5AC /* TextPicker.swift */; };
		B43941942B8A809900A536EF /* TestsView.swift in Sources */ = {isa = PBXBuildFile; fileRef = B43941932B8A809900A536EF /* TestsView.swift */; };
		B43941972B8ABE1C00A536EF /* CheckBoxToggleStyle.swift in Sources */ = {isa = PBXBuildFile; fileRef = B43941962B8ABE1C00A536EF /* CheckBoxToggleStyle.swift */; };
		B43941992B8AC31F00A536EF /* Extensions.swift in Sources */ = {isa = PBXBuildFile; fileRef = B43941982B8AC31F00A536EF /* Extensions.swift */; };
		B439419B2B8AC73C00A536EF /* CustomPicker.swift in Sources */ = {isa = PBXBuildFile; fileRef = B439419A2B8AC73C00A536EF /* CustomPicker.swift */; };
		B43941A62B8AD4B900A536EF /* WorkSansFont.swift in Sources */ = {isa = PBXBuildFile; fileRef = B43941A52B8AD4B900A536EF /* WorkSansFont.swift */; };
		B47D1C462B88D26C005BD386 /* TaskRow.swift in Sources */ = {isa = PBXBuildFile; fileRef = B47D1C452B88D26C005BD386 /* TaskRow.swift */; };
		B47D1C482B88ECE0005BD386 /* User.swift in Sources */ = {isa = PBXBuildFile; fileRef = B47D1C472B88ECE0005BD386 /* User.swift */; };
		B47D1C4A2B88ED9D005BD386 /* Role.swift in Sources */ = {isa = PBXBuildFile; fileRef = B47D1C492B88ED9D005BD386 /* Role.swift */; };
		B47D1C4C2B890751005BD386 /* File.swift in Sources */ = {isa = PBXBuildFile; fileRef = B47D1C4B2B890751005BD386 /* File.swift */; };
		B47D1C4E2B891D7E005BD386 /* AvailableUsers.swift in Sources */ = {isa = PBXBuildFile; fileRef = B47D1C4D2B891D7E005BD386 /* AvailableUsers.swift */; };
		B4913B4E2B8A51E6004D302A /* EditTaskForm.swift in Sources */ = {isa = PBXBuildFile; fileRef = B4913B4D2B8A51E6004D302A /* EditTaskForm.swift */; };
		B496D96D2B9204E00073848F /* ClashDisplayFont.swift in Sources */ = {isa = PBXBuildFile; fileRef = B496D96C2B9204E00073848F /* ClashDisplayFont.swift */; };
		B496D9742B9207F30073848F /* WorkSans-Medium.ttf in Resources */ = {isa = PBXBuildFile; fileRef = B496D9712B9207F30073848F /* WorkSans-Medium.ttf */; };
		B496D9752B9207F30073848F /* WorkSans-Regular.ttf in Resources */ = {isa = PBXBuildFile; fileRef = B496D9722B9207F30073848F /* WorkSans-Regular.ttf */; };
		B496D9762B9207F30073848F /* WorkSans-SemiBold.ttf in Resources */ = {isa = PBXBuildFile; fileRef = B496D9732B9207F30073848F /* WorkSans-SemiBold.ttf */; };
		B496D97A2B92080D0073848F /* ClashDisplay-Medium.otf in Resources */ = {isa = PBXBuildFile; fileRef = B496D9772B92080D0073848F /* ClashDisplay-Medium.otf */; };
		B496D97B2B92080D0073848F /* ClashDisplay-Regular.otf in Resources */ = {isa = PBXBuildFile; fileRef = B496D9782B92080D0073848F /* ClashDisplay-Regular.otf */; };
		B496D97C2B92080D0073848F /* ClashDisplay-Semibold.otf in Resources */ = {isa = PBXBuildFile; fileRef = B496D9792B92080D0073848F /* ClashDisplay-Semibold.otf */; };
		B49FE8022B5AABB50040247D /* TaskManagementApp.swift in Sources */ = {isa = PBXBuildFile; fileRef = B49FE8012B5AABB50040247D /* TaskManagementApp.swift */; };
		B49FE8042B5AABB50040247D /* MainView.swift in Sources */ = {isa = PBXBuildFile; fileRef = B49FE8032B5AABB50040247D /* MainView.swift */; };
		B49FE8062B5AABB60040247D /* Assets.xcassets in Resources */ = {isa = PBXBuildFile; fileRef = B49FE8052B5AABB60040247D /* Assets.xcassets */; };
		B49FE8092B5AABB60040247D /* Preview Assets.xcassets in Resources */ = {isa = PBXBuildFile; fileRef = B49FE8082B5AABB60040247D /* Preview Assets.xcassets */; };
		B49FE8112B5AAC410040247D /* Taskp.swift in Sources */ = {isa = PBXBuildFile; fileRef = B49FE8102B5AAC410040247D /* Taskp.swift */; };
		B49FE8132B5AACBF0040247D /* Project.swift in Sources */ = {isa = PBXBuildFile; fileRef = B49FE8122B5AACBF0040247D /* Project.swift */; };
		B49FE8172B5AB2230040247D /* Priority&Category&Value.swift in Sources */ = {isa = PBXBuildFile; fileRef = B49FE8162B5AB2230040247D /* Priority&Category&Value.swift */; };
		B49FE8222B5AEC9B0040247D /* TaskListingView.swift in Sources */ = {isa = PBXBuildFile; fileRef = B49FE8212B5AEC9B0040247D /* TaskListingView.swift */; };
		B49FE8242B5AEE2F0040247D /* ProjectDetails.swift in Sources */ = {isa = PBXBuildFile; fileRef = B49FE8232B5AEE2F0040247D /* ProjectDetails.swift */; };
		B4F57EE82B9272C600043EBC /* CustomTextField.swift in Sources */ = {isa = PBXBuildFile; fileRef = B4F57EE72B9272C600043EBC /* CustomTextField.swift */; };
		B4F57EEA2B927F7200043EBC /* CustomTextEditor.swift in Sources */ = {isa = PBXBuildFile; fileRef = B4F57EE92B927F7200043EBC /* CustomTextEditor.swift */; };
		B4F748BB2B5B4B4400FFCF29 /* DataController.swift in Sources */ = {isa = PBXBuildFile; fileRef = B4F748BA2B5B4B4400FFCF29 /* DataController.swift */; };
		B4F748BE2B5B505D00FFCF29 /* ColorTask.swift in Sources */ = {isa = PBXBuildFile; fileRef = B4F748BD2B5B505D00FFCF29 /* ColorTask.swift */; };
		B4F748C02B5B566500FFCF29 /* Colors.swift in Sources */ = {isa = PBXBuildFile; fileRef = B4F748BF2B5B566500FFCF29 /* Colors.swift */; };
/* End PBXBuildFile section */

/* Begin PBXFileReference section */
		B40D8FE12B92331D00D6DF68 /* SearchBar.swift */ = {isa = PBXFileReference; lastKnownFileType = sourcecode.swift; path = SearchBar.swift; sourceTree = "<group>"; };
		B40D8FE32B923A9200D6DF68 /* Home.swift */ = {isa = PBXFileReference; lastKnownFileType = sourcecode.swift; path = Home.swift; sourceTree = "<group>"; };
		B42CEF072B5C808D009713C2 /* EditProject.swift */ = {isa = PBXFileReference; lastKnownFileType = sourcecode.swift; path = EditProject.swift; sourceTree = "<group>"; };
		B42DA9A82B92898C0098D5AC /* TextPicker.swift */ = {isa = PBXFileReference; lastKnownFileType = sourcecode.swift; path = TextPicker.swift; sourceTree = "<group>"; };
		B43941932B8A809900A536EF /* TestsView.swift */ = {isa = PBXFileReference; lastKnownFileType = sourcecode.swift; path = TestsView.swift; sourceTree = "<group>"; };
		B43941962B8ABE1C00A536EF /* CheckBoxToggleStyle.swift */ = {isa = PBXFileReference; lastKnownFileType = sourcecode.swift; path = CheckBoxToggleStyle.swift; sourceTree = "<group>"; };
		B43941982B8AC31F00A536EF /* Extensions.swift */ = {isa = PBXFileReference; lastKnownFileType = sourcecode.swift; path = Extensions.swift; sourceTree = "<group>"; };
		B439419A2B8AC73C00A536EF /* CustomPicker.swift */ = {isa = PBXFileReference; lastKnownFileType = sourcecode.swift; path = CustomPicker.swift; sourceTree = "<group>"; };
		B439419D2B8AD32E00A536EF /* Info.plist */ = {isa = PBXFileReference; lastKnownFileType = text.plist; path = Info.plist; sourceTree = "<group>"; };
		B43941A52B8AD4B900A536EF /* WorkSansFont.swift */ = {isa = PBXFileReference; lastKnownFileType = sourcecode.swift; path = WorkSansFont.swift; sourceTree = "<group>"; };
		B47D1C452B88D26C005BD386 /* TaskRow.swift */ = {isa = PBXFileReference; lastKnownFileType = sourcecode.swift; path = TaskRow.swift; sourceTree = "<group>"; };
		B47D1C472B88ECE0005BD386 /* User.swift */ = {isa = PBXFileReference; lastKnownFileType = sourcecode.swift; path = User.swift; sourceTree = "<group>"; };
		B47D1C492B88ED9D005BD386 /* Role.swift */ = {isa = PBXFileReference; lastKnownFileType = sourcecode.swift; path = Role.swift; sourceTree = "<group>"; };
		B47D1C4B2B890751005BD386 /* File.swift */ = {isa = PBXFileReference; lastKnownFileType = sourcecode.swift; path = File.swift; sourceTree = "<group>"; };
		B47D1C4D2B891D7E005BD386 /* AvailableUsers.swift */ = {isa = PBXFileReference; lastKnownFileType = sourcecode.swift; path = AvailableUsers.swift; sourceTree = "<group>"; };
		B4913B4D2B8A51E6004D302A /* EditTaskForm.swift */ = {isa = PBXFileReference; lastKnownFileType = sourcecode.swift; path = EditTaskForm.swift; sourceTree = "<group>"; };
		B496D96C2B9204E00073848F /* ClashDisplayFont.swift */ = {isa = PBXFileReference; lastKnownFileType = sourcecode.swift; path = ClashDisplayFont.swift; sourceTree = "<group>"; };
		B496D9712B9207F30073848F /* WorkSans-Medium.ttf */ = {isa = PBXFileReference; lastKnownFileType = file; path = "WorkSans-Medium.ttf"; sourceTree = "<group>"; };
		B496D9722B9207F30073848F /* WorkSans-Regular.ttf */ = {isa = PBXFileReference; lastKnownFileType = file; path = "WorkSans-Regular.ttf"; sourceTree = "<group>"; };
		B496D9732B9207F30073848F /* WorkSans-SemiBold.ttf */ = {isa = PBXFileReference; lastKnownFileType = file; path = "WorkSans-SemiBold.ttf"; sourceTree = "<group>"; };
		B496D9772B92080D0073848F /* ClashDisplay-Medium.otf */ = {isa = PBXFileReference; lastKnownFileType = file; path = "ClashDisplay-Medium.otf"; sourceTree = "<group>"; };
		B496D9782B92080D0073848F /* ClashDisplay-Regular.otf */ = {isa = PBXFileReference; lastKnownFileType = file; path = "ClashDisplay-Regular.otf"; sourceTree = "<group>"; };
		B496D9792B92080D0073848F /* ClashDisplay-Semibold.otf */ = {isa = PBXFileReference; lastKnownFileType = file; path = "ClashDisplay-Semibold.otf"; sourceTree = "<group>"; };
		B49FE7FE2B5AABB50040247D /* TaskManagement.app */ = {isa = PBXFileReference; explicitFileType = wrapper.application; includeInIndex = 0; path = TaskManagement.app; sourceTree = BUILT_PRODUCTS_DIR; };
		B49FE8012B5AABB50040247D /* TaskManagementApp.swift */ = {isa = PBXFileReference; lastKnownFileType = sourcecode.swift; path = TaskManagementApp.swift; sourceTree = "<group>"; };
		B49FE8032B5AABB50040247D /* MainView.swift */ = {isa = PBXFileReference; lastKnownFileType = sourcecode.swift; path = MainView.swift; sourceTree = "<group>"; };
		B49FE8052B5AABB60040247D /* Assets.xcassets */ = {isa = PBXFileReference; lastKnownFileType = folder.assetcatalog; path = Assets.xcassets; sourceTree = "<group>"; };
		B49FE8082B5AABB60040247D /* Preview Assets.xcassets */ = {isa = PBXFileReference; lastKnownFileType = folder.assetcatalog; path = "Preview Assets.xcassets"; sourceTree = "<group>"; };
		B49FE8102B5AAC410040247D /* Taskp.swift */ = {isa = PBXFileReference; lastKnownFileType = sourcecode.swift; path = Taskp.swift; sourceTree = "<group>"; };
		B49FE8122B5AACBF0040247D /* Project.swift */ = {isa = PBXFileReference; lastKnownFileType = sourcecode.swift; path = Project.swift; sourceTree = "<group>"; };
		B49FE8162B5AB2230040247D /* Priority&Category&Value.swift */ = {isa = PBXFileReference; lastKnownFileType = sourcecode.swift; path = "Priority&Category&Value.swift"; sourceTree = "<group>"; };
		B49FE8212B5AEC9B0040247D /* TaskListingView.swift */ = {isa = PBXFileReference; lastKnownFileType = sourcecode.swift; path = TaskListingView.swift; sourceTree = "<group>"; };
		B49FE8232B5AEE2F0040247D /* ProjectDetails.swift */ = {isa = PBXFileReference; lastKnownFileType = sourcecode.swift; path = ProjectDetails.swift; sourceTree = "<group>"; };
		B4F57EE72B9272C600043EBC /* CustomTextField.swift */ = {isa = PBXFileReference; lastKnownFileType = sourcecode.swift; path = CustomTextField.swift; sourceTree = "<group>"; };
		B4F57EE92B927F7200043EBC /* CustomTextEditor.swift */ = {isa = PBXFileReference; lastKnownFileType = sourcecode.swift; path = CustomTextEditor.swift; sourceTree = "<group>"; };
		B4F748BA2B5B4B4400FFCF29 /* DataController.swift */ = {isa = PBXFileReference; lastKnownFileType = sourcecode.swift; path = DataController.swift; sourceTree = "<group>"; };
		B4F748BD2B5B505D00FFCF29 /* ColorTask.swift */ = {isa = PBXFileReference; lastKnownFileType = sourcecode.swift; path = ColorTask.swift; sourceTree = "<group>"; };
		B4F748BF2B5B566500FFCF29 /* Colors.swift */ = {isa = PBXFileReference; lastKnownFileType = sourcecode.swift; path = Colors.swift; sourceTree = "<group>"; };
/* End PBXFileReference section */

/* Begin PBXFrameworksBuildPhase section */
		B49FE7FB2B5AABB50040247D /* Frameworks */ = {
			isa = PBXFrameworksBuildPhase;
			buildActionMask = 2147483647;
			files = (
			);
			runOnlyForDeploymentPostprocessing = 0;
		};
/* End PBXFrameworksBuildPhase section */

/* Begin PBXGroup section */
		B43941952B8ABE0A00A536EF /* AuxViews */ = {
			isa = PBXGroup;
			children = (
				B4F748BF2B5B566500FFCF29 /* Colors.swift */,
				B43941962B8ABE1C00A536EF /* CheckBoxToggleStyle.swift */,
				B43941982B8AC31F00A536EF /* Extensions.swift */,
				B439419A2B8AC73C00A536EF /* CustomPicker.swift */,
				B43941A52B8AD4B900A536EF /* WorkSansFont.swift */,
				B496D96C2B9204E00073848F /* ClashDisplayFont.swift */,
				B40D8FE12B92331D00D6DF68 /* SearchBar.swift */,
				B4F57EE72B9272C600043EBC /* CustomTextField.swift */,
				B4F57EE92B927F7200043EBC /* CustomTextEditor.swift */,
			);
			path = AuxViews;
			sourceTree = "<group>";
		};
		B439419C2B8AD2B500A536EF /* Resources */ = {
			isa = PBXGroup;
			children = (
				B496D9682B9204250073848F /* CashDisplayFont */,
				B439419E2B8AD33800A536EF /* WorkSansFont */,
				B49FE8052B5AABB60040247D /* Assets.xcassets */,
				B49FE8072B5AABB60040247D /* Preview Content */,
			);
			path = Resources;
			sourceTree = "<group>";
		};
		B439419E2B8AD33800A536EF /* WorkSansFont */ = {
			isa = PBXGroup;
			children = (
				B496D9712B9207F30073848F /* WorkSans-Medium.ttf */,
				B496D9722B9207F30073848F /* WorkSans-Regular.ttf */,
				B496D9732B9207F30073848F /* WorkSans-SemiBold.ttf */,
			);
			path = WorkSansFont;
			sourceTree = "<group>";
		};
		B496D9682B9204250073848F /* CashDisplayFont */ = {
			isa = PBXGroup;
			children = (
				B496D9772B92080D0073848F /* ClashDisplay-Medium.otf */,
				B496D9782B92080D0073848F /* ClashDisplay-Regular.otf */,
				B496D9792B92080D0073848F /* ClashDisplay-Semibold.otf */,
			);
			path = CashDisplayFont;
			sourceTree = "<group>";
		};
		B49FE7F52B5AABB50040247D = {
			isa = PBXGroup;
			children = (
				B49FE8002B5AABB50040247D /* TaskManagement */,
				B49FE7FF2B5AABB50040247D /* Products */,
			);
			sourceTree = "<group>";
		};
		B49FE7FF2B5AABB50040247D /* Products */ = {
			isa = PBXGroup;
			children = (
				B49FE7FE2B5AABB50040247D /* TaskManagement.app */,
			);
			name = Products;
			sourceTree = "<group>";
		};
		B49FE8002B5AABB50040247D /* TaskManagement */ = {
			isa = PBXGroup;
			children = (
				B439419D2B8AD32E00A536EF /* Info.plist */,
				B439419C2B8AD2B500A536EF /* Resources */,
				B49FE8012B5AABB50040247D /* TaskManagementApp.swift */,
				B4F748BA2B5B4B4400FFCF29 /* DataController.swift */,
				B49FE80F2B5AAC360040247D /* Models */,
				B49FE8182B5AB2A70040247D /* Views */,
			);
			path = TaskManagement;
			sourceTree = "<group>";
		};
		B49FE8072B5AABB60040247D /* Preview Content */ = {
			isa = PBXGroup;
			children = (
				B49FE8082B5AABB60040247D /* Preview Assets.xcassets */,
			);
			path = "Preview Content";
			sourceTree = "<group>";
		};
		B49FE80F2B5AAC360040247D /* Models */ = {
			isa = PBXGroup;
			children = (
				B49FE8122B5AACBF0040247D /* Project.swift */,
				B49FE8102B5AAC410040247D /* Taskp.swift */,
				B47D1C472B88ECE0005BD386 /* User.swift */,
				B4F748BC2B5B504400FFCF29 /* Helpers */,
			);
			path = Models;
			sourceTree = "<group>";
		};
		B49FE8182B5AB2A70040247D /* Views */ = {
			isa = PBXGroup;
			children = (
				B43941952B8ABE0A00A536EF /* AuxViews */,
				B49FE8032B5AABB50040247D /* MainView.swift */,
				B47D1C452B88D26C005BD386 /* TaskRow.swift */,
				B49FE8212B5AEC9B0040247D /* TaskListingView.swift */,
				B49FE8232B5AEE2F0040247D /* ProjectDetails.swift */,
				B42CEF072B5C808D009713C2 /* EditProject.swift */,
				B4913B4D2B8A51E6004D302A /* EditTaskForm.swift */,
				B47D1C4D2B891D7E005BD386 /* AvailableUsers.swift */,
				B43941932B8A809900A536EF /* TestsView.swift */,
				B40D8FE32B923A9200D6DF68 /* Home.swift */,
				B42DA9A82B92898C0098D5AC /* TextPicker.swift */,
			);
			path = Views;
			sourceTree = "<group>";
		};
		B4F748BC2B5B504400FFCF29 /* Helpers */ = {
			isa = PBXGroup;
			children = (
				B49FE8162B5AB2230040247D /* Priority&Category&Value.swift */,
				B4F748BD2B5B505D00FFCF29 /* ColorTask.swift */,
				B47D1C492B88ED9D005BD386 /* Role.swift */,
				B47D1C4B2B890751005BD386 /* File.swift */,
			);
			path = Helpers;
			sourceTree = "<group>";
		};
/* End PBXGroup section */

/* Begin PBXNativeTarget section */
		B49FE7FD2B5AABB50040247D /* TaskManagement */ = {
			isa = PBXNativeTarget;
			buildConfigurationList = B49FE80C2B5AABB60040247D /* Build configuration list for PBXNativeTarget "TaskManagement" */;
			buildPhases = (
				B49FE7FA2B5AABB50040247D /* Sources */,
				B49FE7FB2B5AABB50040247D /* Frameworks */,
				B49FE7FC2B5AABB50040247D /* Resources */,
			);
			buildRules = (
			);
			dependencies = (
			);
			name = TaskManagement;
			productName = TaskManagement;
			productReference = B49FE7FE2B5AABB50040247D /* TaskManagement.app */;
			productType = "com.apple.product-type.application";
		};
/* End PBXNativeTarget section */

/* Begin PBXProject section */
		B49FE7F62B5AABB50040247D /* Project object */ = {
			isa = PBXProject;
			attributes = {
				BuildIndependentTargetsInParallel = 1;
				LastSwiftUpdateCheck = 1510;
				LastUpgradeCheck = 1510;
				TargetAttributes = {
					B49FE7FD2B5AABB50040247D = {
						CreatedOnToolsVersion = 15.1;
					};
				};
			};
			buildConfigurationList = B49FE7F92B5AABB50040247D /* Build configuration list for PBXProject "TaskManagement" */;
			compatibilityVersion = "Xcode 14.0";
			developmentRegion = en;
			hasScannedForEncodings = 0;
			knownRegions = (
				en,
				Base,
			);
			mainGroup = B49FE7F52B5AABB50040247D;
			productRefGroup = B49FE7FF2B5AABB50040247D /* Products */;
			projectDirPath = "";
			projectRoot = "";
			targets = (
				B49FE7FD2B5AABB50040247D /* TaskManagement */,
			);
		};
/* End PBXProject section */

/* Begin PBXResourcesBuildPhase section */
		B49FE7FC2B5AABB50040247D /* Resources */ = {
			isa = PBXResourcesBuildPhase;
			buildActionMask = 2147483647;
			files = (
				B496D97B2B92080D0073848F /* ClashDisplay-Regular.otf in Resources */,
				B496D9762B9207F30073848F /* WorkSans-SemiBold.ttf in Resources */,
				B496D97A2B92080D0073848F /* ClashDisplay-Medium.otf in Resources */,
				B49FE8092B5AABB60040247D /* Preview Assets.xcassets in Resources */,
				B496D9742B9207F30073848F /* WorkSans-Medium.ttf in Resources */,
				B496D97C2B92080D0073848F /* ClashDisplay-Semibold.otf in Resources */,
				B49FE8062B5AABB60040247D /* Assets.xcassets in Resources */,
				B496D9752B9207F30073848F /* WorkSans-Regular.ttf in Resources */,
			);
			runOnlyForDeploymentPostprocessing = 0;
		};
/* End PBXResourcesBuildPhase section */

/* Begin PBXSourcesBuildPhase section */
		B49FE7FA2B5AABB50040247D /* Sources */ = {
			isa = PBXSourcesBuildPhase;
			buildActionMask = 2147483647;
			files = (
				B4F57EE82B9272C600043EBC /* CustomTextField.swift in Sources */,
				B4913B4E2B8A51E6004D302A /* EditTaskForm.swift in Sources */,
				B42DA9A92B92898C0098D5AC /* TextPicker.swift in Sources */,
				B47D1C482B88ECE0005BD386 /* User.swift in Sources */,
				B47D1C4A2B88ED9D005BD386 /* Role.swift in Sources */,
				B47D1C4E2B891D7E005BD386 /* AvailableUsers.swift in Sources */,
				B42CEF082B5C808D009713C2 /* EditProject.swift in Sources */,
				B40D8FE22B92331D00D6DF68 /* SearchBar.swift in Sources */,
				B49FE8132B5AACBF0040247D /* Project.swift in Sources */,
				B49FE8042B5AABB50040247D /* MainView.swift in Sources */,
				B47D1C462B88D26C005BD386 /* TaskRow.swift in Sources */,
				B43941A62B8AD4B900A536EF /* WorkSansFont.swift in Sources */,
				B439419B2B8AC73C00A536EF /* CustomPicker.swift in Sources */,
				B49FE8222B5AEC9B0040247D /* TaskListingView.swift in Sources */,
				B49FE8022B5AABB50040247D /* TaskManagementApp.swift in Sources */,
				B43941942B8A809900A536EF /* TestsView.swift in Sources */,
				B43941972B8ABE1C00A536EF /* CheckBoxToggleStyle.swift in Sources */,
				B496D96D2B9204E00073848F /* ClashDisplayFont.swift in Sources */,
				B49FE8242B5AEE2F0040247D /* ProjectDetails.swift in Sources */,
				B4F748BB2B5B4B4400FFCF29 /* DataController.swift in Sources */,
				B47D1C4C2B890751005BD386 /* File.swift in Sources */,
				B49FE8112B5AAC410040247D /* Taskp.swift in Sources */,
				B4F57EEA2B927F7200043EBC /* CustomTextEditor.swift in Sources */,
				B4F748BE2B5B505D00FFCF29 /* ColorTask.swift in Sources */,
				B49FE8172B5AB2230040247D /* Priority&Category&Value.swift in Sources */,
				B40D8FE42B923A9200D6DF68 /* Home.swift in Sources */,
				B4F748C02B5B566500FFCF29 /* Colors.swift in Sources */,
				B43941992B8AC31F00A536EF /* Extensions.swift in Sources */,
			);
			runOnlyForDeploymentPostprocessing = 0;
		};
/* End PBXSourcesBuildPhase section */

/* Begin XCBuildConfiguration section */
		B49FE80A2B5AABB60040247D /* Debug */ = {
			isa = XCBuildConfiguration;
			buildSettings = {
				ALWAYS_SEARCH_USER_PATHS = NO;
				ASSETCATALOG_COMPILER_GENERATE_SWIFT_ASSET_SYMBOL_EXTENSIONS = YES;
				CLANG_ANALYZER_NONNULL = YES;
				CLANG_ANALYZER_NUMBER_OBJECT_CONVERSION = YES_AGGRESSIVE;
				CLANG_CXX_LANGUAGE_STANDARD = "gnu++20";
				CLANG_ENABLE_MODULES = YES;
				CLANG_ENABLE_OBJC_ARC = YES;
				CLANG_ENABLE_OBJC_WEAK = YES;
				CLANG_WARN_BLOCK_CAPTURE_AUTORELEASING = YES;
				CLANG_WARN_BOOL_CONVERSION = YES;
				CLANG_WARN_COMMA = YES;
				CLANG_WARN_CONSTANT_CONVERSION = YES;
				CLANG_WARN_DEPRECATED_OBJC_IMPLEMENTATIONS = YES;
				CLANG_WARN_DIRECT_OBJC_ISA_USAGE = YES_ERROR;
				CLANG_WARN_DOCUMENTATION_COMMENTS = YES;
				CLANG_WARN_EMPTY_BODY = YES;
				CLANG_WARN_ENUM_CONVERSION = YES;
				CLANG_WARN_INFINITE_RECURSION = YES;
				CLANG_WARN_INT_CONVERSION = YES;
				CLANG_WARN_NON_LITERAL_NULL_CONVERSION = YES;
				CLANG_WARN_OBJC_IMPLICIT_RETAIN_SELF = YES;
				CLANG_WARN_OBJC_LITERAL_CONVERSION = YES;
				CLANG_WARN_OBJC_ROOT_CLASS = YES_ERROR;
				CLANG_WARN_QUOTED_INCLUDE_IN_FRAMEWORK_HEADER = YES;
				CLANG_WARN_RANGE_LOOP_ANALYSIS = YES;
				CLANG_WARN_STRICT_PROTOTYPES = YES;
				CLANG_WARN_SUSPICIOUS_MOVE = YES;
				CLANG_WARN_UNGUARDED_AVAILABILITY = YES_AGGRESSIVE;
				CLANG_WARN_UNREACHABLE_CODE = YES;
				CLANG_WARN__DUPLICATE_METHOD_MATCH = YES;
				COPY_PHASE_STRIP = NO;
				DEBUG_INFORMATION_FORMAT = dwarf;
				ENABLE_STRICT_OBJC_MSGSEND = YES;
				ENABLE_TESTABILITY = YES;
				ENABLE_USER_SCRIPT_SANDBOXING = YES;
				GCC_C_LANGUAGE_STANDARD = gnu17;
				GCC_DYNAMIC_NO_PIC = NO;
				GCC_NO_COMMON_BLOCKS = YES;
				GCC_OPTIMIZATION_LEVEL = 0;
				GCC_PREPROCESSOR_DEFINITIONS = (
					"DEBUG=1",
					"$(inherited)",
				);
				GCC_WARN_64_TO_32_BIT_CONVERSION = YES;
				GCC_WARN_ABOUT_RETURN_TYPE = YES_ERROR;
				GCC_WARN_UNDECLARED_SELECTOR = YES;
				GCC_WARN_UNINITIALIZED_AUTOS = YES_AGGRESSIVE;
				GCC_WARN_UNUSED_FUNCTION = YES;
				GCC_WARN_UNUSED_VARIABLE = YES;
				IPHONEOS_DEPLOYMENT_TARGET = 17.2;
				LOCALIZATION_PREFERS_STRING_CATALOGS = YES;
				MTL_ENABLE_DEBUG_INFO = INCLUDE_SOURCE;
				MTL_FAST_MATH = YES;
				ONLY_ACTIVE_ARCH = YES;
				SDKROOT = iphoneos;
				SWIFT_ACTIVE_COMPILATION_CONDITIONS = "DEBUG $(inherited)";
				SWIFT_OPTIMIZATION_LEVEL = "-Onone";
			};
			name = Debug;
		};
		B49FE80B2B5AABB60040247D /* Release */ = {
			isa = XCBuildConfiguration;
			buildSettings = {
				ALWAYS_SEARCH_USER_PATHS = NO;
				ASSETCATALOG_COMPILER_GENERATE_SWIFT_ASSET_SYMBOL_EXTENSIONS = YES;
				CLANG_ANALYZER_NONNULL = YES;
				CLANG_ANALYZER_NUMBER_OBJECT_CONVERSION = YES_AGGRESSIVE;
				CLANG_CXX_LANGUAGE_STANDARD = "gnu++20";
				CLANG_ENABLE_MODULES = YES;
				CLANG_ENABLE_OBJC_ARC = YES;
				CLANG_ENABLE_OBJC_WEAK = YES;
				CLANG_WARN_BLOCK_CAPTURE_AUTORELEASING = YES;
				CLANG_WARN_BOOL_CONVERSION = YES;
				CLANG_WARN_COMMA = YES;
				CLANG_WARN_CONSTANT_CONVERSION = YES;
				CLANG_WARN_DEPRECATED_OBJC_IMPLEMENTATIONS = YES;
				CLANG_WARN_DIRECT_OBJC_ISA_USAGE = YES_ERROR;
				CLANG_WARN_DOCUMENTATION_COMMENTS = YES;
				CLANG_WARN_EMPTY_BODY = YES;
				CLANG_WARN_ENUM_CONVERSION = YES;
				CLANG_WARN_INFINITE_RECURSION = YES;
				CLANG_WARN_INT_CONVERSION = YES;
				CLANG_WARN_NON_LITERAL_NULL_CONVERSION = YES;
				CLANG_WARN_OBJC_IMPLICIT_RETAIN_SELF = YES;
				CLANG_WARN_OBJC_LITERAL_CONVERSION = YES;
				CLANG_WARN_OBJC_ROOT_CLASS = YES_ERROR;
				CLANG_WARN_QUOTED_INCLUDE_IN_FRAMEWORK_HEADER = YES;
				CLANG_WARN_RANGE_LOOP_ANALYSIS = YES;
				CLANG_WARN_STRICT_PROTOTYPES = YES;
				CLANG_WARN_SUSPICIOUS_MOVE = YES;
				CLANG_WARN_UNGUARDED_AVAILABILITY = YES_AGGRESSIVE;
				CLANG_WARN_UNREACHABLE_CODE = YES;
				CLANG_WARN__DUPLICATE_METHOD_MATCH = YES;
				COPY_PHASE_STRIP = NO;
				DEBUG_INFORMATION_FORMAT = "dwarf-with-dsym";
				ENABLE_NS_ASSERTIONS = NO;
				ENABLE_STRICT_OBJC_MSGSEND = YES;
				ENABLE_USER_SCRIPT_SANDBOXING = YES;
				GCC_C_LANGUAGE_STANDARD = gnu17;
				GCC_NO_COMMON_BLOCKS = YES;
				GCC_WARN_64_TO_32_BIT_CONVERSION = YES;
				GCC_WARN_ABOUT_RETURN_TYPE = YES_ERROR;
				GCC_WARN_UNDECLARED_SELECTOR = YES;
				GCC_WARN_UNINITIALIZED_AUTOS = YES_AGGRESSIVE;
				GCC_WARN_UNUSED_FUNCTION = YES;
				GCC_WARN_UNUSED_VARIABLE = YES;
				IPHONEOS_DEPLOYMENT_TARGET = 17.2;
				LOCALIZATION_PREFERS_STRING_CATALOGS = YES;
				MTL_ENABLE_DEBUG_INFO = NO;
				MTL_FAST_MATH = YES;
				SDKROOT = iphoneos;
				SWIFT_COMPILATION_MODE = wholemodule;
				VALIDATE_PRODUCT = YES;
			};
			name = Release;
		};
		B49FE80D2B5AABB60040247D /* Debug */ = {
			isa = XCBuildConfiguration;
			buildSettings = {
				ASSETCATALOG_COMPILER_APPICON_NAME = AppIcon;
				ASSETCATALOG_COMPILER_GLOBAL_ACCENT_COLOR_NAME = AccentColor;
				CODE_SIGN_STYLE = Automatic;
				CURRENT_PROJECT_VERSION = 1;
				DEVELOPMENT_ASSET_PATHS = TaskManagement/Resources;
				DEVELOPMENT_TEAM = 5VZ6Q8DGLP;
				ENABLE_PREVIEWS = YES;
				GENERATE_INFOPLIST_FILE = YES;
				INFOPLIST_FILE = TaskManagement/Info.plist;
				INFOPLIST_KEY_LSApplicationCategoryType = "";
				INFOPLIST_KEY_UIApplicationSceneManifest_Generation = YES;
				INFOPLIST_KEY_UIApplicationSupportsIndirectInputEvents = YES;
				INFOPLIST_KEY_UILaunchScreen_Generation = YES;
				INFOPLIST_KEY_UISupportedInterfaceOrientations_iPad = "UIInterfaceOrientationPortrait UIInterfaceOrientationPortraitUpsideDown UIInterfaceOrientationLandscapeLeft UIInterfaceOrientationLandscapeRight";
				INFOPLIST_KEY_UISupportedInterfaceOrientations_iPhone = "UIInterfaceOrientationPortrait UIInterfaceOrientationLandscapeLeft UIInterfaceOrientationLandscapeRight";
				LD_RUNPATH_SEARCH_PATHS = (
					"$(inherited)",
					"@executable_path/Frameworks",
				);
				MARKETING_VERSION = 1.0;
				PRODUCT_BUNDLE_IDENTIFIER = com.anceldev.TaskManagement;
				PRODUCT_NAME = "$(TARGET_NAME)";
				SWIFT_EMIT_LOC_STRINGS = YES;
				SWIFT_VERSION = 5.0;
				TARGETED_DEVICE_FAMILY = "1,2";
			};
			name = Debug;
		};
		B49FE80E2B5AABB60040247D /* Release */ = {
			isa = XCBuildConfiguration;
			buildSettings = {
				ASSETCATALOG_COMPILER_APPICON_NAME = AppIcon;
				ASSETCATALOG_COMPILER_GLOBAL_ACCENT_COLOR_NAME = AccentColor;
				CODE_SIGN_STYLE = Automatic;
				CURRENT_PROJECT_VERSION = 1;
				DEVELOPMENT_ASSET_PATHS = TaskManagement/Resources;
				DEVELOPMENT_TEAM = 5VZ6Q8DGLP;
				ENABLE_PREVIEWS = YES;
				GENERATE_INFOPLIST_FILE = YES;
				INFOPLIST_FILE = TaskManagement/Info.plist;
				INFOPLIST_KEY_LSApplicationCategoryType = "";
				INFOPLIST_KEY_UIApplicationSceneManifest_Generation = YES;
				INFOPLIST_KEY_UIApplicationSupportsIndirectInputEvents = YES;
				INFOPLIST_KEY_UILaunchScreen_Generation = YES;
				INFOPLIST_KEY_UISupportedInterfaceOrientations_iPad = "UIInterfaceOrientationPortrait UIInterfaceOrientationPortraitUpsideDown UIInterfaceOrientationLandscapeLeft UIInterfaceOrientationLandscapeRight";
				INFOPLIST_KEY_UISupportedInterfaceOrientations_iPhone = "UIInterfaceOrientationPortrait UIInterfaceOrientationLandscapeLeft UIInterfaceOrientationLandscapeRight";
				LD_RUNPATH_SEARCH_PATHS = (
					"$(inherited)",
					"@executable_path/Frameworks",
				);
				MARKETING_VERSION = 1.0;
				PRODUCT_BUNDLE_IDENTIFIER = com.anceldev.TaskManagement;
				PRODUCT_NAME = "$(TARGET_NAME)";
				SWIFT_EMIT_LOC_STRINGS = YES;
				SWIFT_VERSION = 5.0;
				TARGETED_DEVICE_FAMILY = "1,2";
			};
			name = Release;
		};
/* End XCBuildConfiguration section */

/* Begin XCConfigurationList section */
		B49FE7F92B5AABB50040247D /* Build configuration list for PBXProject "TaskManagement" */ = {
			isa = XCConfigurationList;
			buildConfigurations = (
				B49FE80A2B5AABB60040247D /* Debug */,
				B49FE80B2B5AABB60040247D /* Release */,
			);
			defaultConfigurationIsVisible = 0;
			defaultConfigurationName = Release;
		};
		B49FE80C2B5AABB60040247D /* Build configuration list for PBXNativeTarget "TaskManagement" */ = {
			isa = XCConfigurationList;
			buildConfigurations = (
				B49FE80D2B5AABB60040247D /* Debug */,
				B49FE80E2B5AABB60040247D /* Release */,
			);
			defaultConfigurationIsVisible = 0;
			defaultConfigurationName = Release;
		};
/* End XCConfigurationList section */
	};
	rootObject = B49FE7F62B5AABB50040247D /* Project object */;
}
